
Microsoft Visual Studio Solution File, Format Version 12.00
# Visual Studio Version 17
VisualStudioVersion = 17.8.34112.27
MinimumVisualStudioVersion = 10.0.40219.1
Project("{FAE04EC0-301F-11D3-BF4B-00C04F79EFBC}") = "BlazorSvrCascadingComponentDotNet8RC1", "BlazorSvrCascadingComponentDotNet8RC1\BlazorSvrCascadingComponentDotNet8RC1.csproj", "{461CC682-9788-47EA-B248-C1ECBC0AAC7F}"
EndProject
Global
	GlobalSection(SolutionConfigurationPlatforms) = preSolution
		Debug|Any CPU = Debug|Any CPU
		Release|Any CPU = Release|Any CPU
	EndGlobalSection
	GlobalSection(ProjectConfigurationPlatforms) = postSolution
		{461CC682-9788-47EA-B248-C1ECBC0AAC7F}.Debug|Any CPU.ActiveCfg = Debug|Any CPU
		{461CC682-9788-47EA-B248-C1ECBC0AAC7F}.Debug|Any CPU.Build.0 = Debug|Any CPU
		{461CC682-9788-47EA-B248-C1ECBC0AAC7F}.Release|Any CPU.ActiveCfg = Release|Any CPU
		{461CC682-9788-47EA-B248-C1ECBC0AAC7F}.Release|Any CPU.Build.0 = Release|Any CPU
	EndGlobalSection
	GlobalSection(SolutionProperties) = preSolution
		HideSolutionNode = FALSE
	EndGlobalSection
	GlobalSection(ExtensibilityGlobals) = postSolution
		SolutionGuid = {6E45D604-083A-4445-B022-8CFF47D9C87F}
	EndGlobalSection
EndGlobal
